
Microsoft Visual Studio Solution File, Format Version 12.00
# Visual Studio Version 17
VisualStudioVersion = 17.11.35431.28
MinimumVisualStudioVersion = 10.0.40219.1
Project("{FAE04EC0-301F-11D3-BF4B-00C04F79EFBC}") = "CallAutomation_AzureAI_Speech_Translation", "CallAutomation_AzureAI_Speech_Translation.csproj", "{38891CDC-5372-4A48-83A4-60E58EFF4357}"
EndProject
<<<<<<< HEAD
Project("{FAE04EC0-301F-11D3-BF4B-00C04F79EFBC}") = "FileMonitoringService", "..\FileMonitoringService\FileMonitoringService.csproj", "{DACFED34-7F19-4DF5-AC4F-1E1F38471168}"
EndProject
=======
>>>>>>> 2ad0f1b7b51c2e2ce8677bf99bea9386b0d0d789
Global
	GlobalSection(SolutionConfigurationPlatforms) = preSolution
		Debug|Any CPU = Debug|Any CPU
		Release|Any CPU = Release|Any CPU
	EndGlobalSection
	GlobalSection(ProjectConfigurationPlatforms) = postSolution
		{38891CDC-5372-4A48-83A4-60E58EFF4357}.Debug|Any CPU.ActiveCfg = Debug|Any CPU
		{38891CDC-5372-4A48-83A4-60E58EFF4357}.Debug|Any CPU.Build.0 = Debug|Any CPU
		{38891CDC-5372-4A48-83A4-60E58EFF4357}.Release|Any CPU.ActiveCfg = Release|Any CPU
		{38891CDC-5372-4A48-83A4-60E58EFF4357}.Release|Any CPU.Build.0 = Release|Any CPU
<<<<<<< HEAD
		{DACFED34-7F19-4DF5-AC4F-1E1F38471168}.Debug|Any CPU.ActiveCfg = Debug|Any CPU
		{DACFED34-7F19-4DF5-AC4F-1E1F38471168}.Debug|Any CPU.Build.0 = Debug|Any CPU
		{DACFED34-7F19-4DF5-AC4F-1E1F38471168}.Release|Any CPU.ActiveCfg = Release|Any CPU
		{DACFED34-7F19-4DF5-AC4F-1E1F38471168}.Release|Any CPU.Build.0 = Release|Any CPU
=======
>>>>>>> 2ad0f1b7b51c2e2ce8677bf99bea9386b0d0d789
	EndGlobalSection
	GlobalSection(SolutionProperties) = preSolution
		HideSolutionNode = FALSE
	EndGlobalSection
	GlobalSection(ExtensibilityGlobals) = postSolution
		SolutionGuid = {D5C38BEC-05F7-49F0-8E8E-B717BFE3866D}
	EndGlobalSection
EndGlobal
